github.com/st1020/LikeIt v0.0.0-20230516013046-fe4b4a7fcfb3 h1:S5ojXXn+fq8mREftdu6bkEKmY6kvz6mRsDeRKVQGTQs=
github.com/st1020/LikeIt v0.0.0-20230516013046-fe4b4a7fcfb3/go.mod h1:x+11DTxduU8LseLyPbc0UAlf3CJkrC1jKg9MM418z6o=
github.com/st1020/LikeIt v0.0.0-20230522062227-f0e6c4060274 h1:vqZ1lluSGLjqkBcVjqrCCzoxVYs7iLnD/BLHoPStVE8=
github.com/st1020/LikeIt v0.0.0-20230522062227-f0e6c4060274/go.mod h1:x+11DTxduU8LseLyPbc0UAlf3CJkrC1jKg9MM418z6o=
